<?xml version="1.0" encoding="utf-8"?>
<Project ToolsVersion="17.0" xmlns="http://schemas.microsoft.com/developer/msbuild/2003">
  <ItemGroup>
    <CustomBuild Include="C:\Users\thela\OneDrive\Desktop\get_pos_cpp_matrix\get_pos_build\CMakeFiles\536c7f6d2587ea0939bf018482ea7b01\generate.stamp.rule">
      <Filter>CMake Rules</Filter>
    </CustomBuild>
  </ItemGroup>
  <ItemGroup>
    <Filter Include="CMake Rules">
      <UniqueIdentifier>{6E94501E-394D-38F1-951C-883F926B1767}</UniqueIdentifier>
    </Filter>
  </ItemGroup>
</Project>
